dependencies:
- name: postgresql
  repository: oci://registry-1.docker.io/bitnamicharts
  version: 16.3.5
- name: mariadb
  repository: oci://registry-1.docker.io/bitnamicharts
  version: 20.4.1
- name: redis
  repository: oci://registry-1.docker.io/bitnamicharts
  version: 20.6.1
- name: collabora-online
  repository: https://collaboraonline.github.io/online
  version: 1.1.35
digest: sha256:fe28a3502575dd7cc38fde5753d68c77c3c911c010d708fdcd681bcfc06dc841
generated: "2025-03-09T06:16:53.036447605Z"
