dependencies:
- name: postgresql
  repository: oci://registry-1.docker.io/bitnamicharts
  version: 15.5.38
- name: mariadb
  repository: oci://registry-1.docker.io/bitnamicharts
  version: 19.1.0
- name: redis
  repository: oci://registry-1.docker.io/bitnamicharts
  version: 20.1.7
digest: sha256:2b3cf351259aaedbad2866cd19fd26a3c24fb01b7bde3694efc73abe145a364d
generated: "2024-10-20T07:42:28.331741018Z"
